# THIS IS AN AUTOGENERATED FILE. DO NOT EDIT THIS FILE DIRECTLY.
# yarn lockfile v1


"@cfworker/uuid@^1.8.1":
  version "1.8.1"
  resolved "https://registry.yarnpkg.com/@cfworker/uuid/-/uuid-1.8.1.tgz#68c6ea8c9ce344ab429ec5969d415bfbdda6f87f"
  integrity sha512-eldh/eSd1Im2XtKxa5YvDJ85WT4u4MUyHWqbZYFFeBqtsQgW7iLhEDQMG94gdYM/M/qXZ2K3nGfuYl6jQa2pMA==

"@cloudflare/kv-asset-handler@~0.1.2":
  version "0.1.2"
  resolved "https://registry.yarnpkg.com/@cloudflare/kv-asset-handler/-/kv-asset-handler-0.1.2.tgz#8c0b82a0d92e6eb362c9594f74f824e162724a93"
  integrity sha512-otES1gV5mEhNh82p/sJERPMMrC7UOLV2JyfKf4e3EX1TmMkZ3N8IDGAqRNsoRU8UYTO7wc83I7pH1p4ozAdgMQ==
  dependencies:
    mime "^2.5.2"

mime@^2.5.2:
  version "2.5.2"
  resolved "https://registry.yarnpkg.com/mime/-/mime-2.5.2.tgz#6e3dc6cc2b9510643830e5f19d5cb753da5eeabe"
  integrity sha512-tqkh47FzKeCPD2PUiPB6pkbMzsCasjxAfC62/Wap5qrUWcb+sFasXUC5I3gYM5iBM8v/Qpn4UK0x+j0iHyFPDg==
